{
    "version": 3,
    "terraform_version": "0.11.11",
    "serial": 21,
    "lineage": "fd4976c8-e82a-66ad-7bac-051d87ba2576",
    "modules": [
        {
            "path": [
                "root"
            ],
            "outputs": {
                "gcr_location": {
                    "sensitive": false,
                    "type": "string",
                    "value": "gcr.io/mdcloud"
                }
            },
            "resources": {
                "data.google_container_registry_repository.mdcloud": {
                    "type": "google_container_registry_repository",
                    "depends_on": [],
                    "primary": {
                        "id": "gcr.io/mdcloud",
                        "attributes": {
                            "id": "gcr.io/mdcloud",
                            "project": "mdcloud",
                            "repository_url": "gcr.io/mdcloud"
                        },
                        "meta": {},
                        "tainted": false
                    },
                    "deposed": [],
                    "provider": "provider.google"
                },
                "data.template_file.inventory": {
                    "type": "template_file",
                    "depends_on": [
                        "google_compute_instance.managers",
                        "google_compute_instance.managers.*",
                        "google_compute_instance.workers",
                        "google_compute_instance.workers.*"
                    ],
                    "primary": {
                        "id": "8fdc5cf85e945e26f6da021d71aca48d099643c3ec5892b91cb82960d33a0f1b",
                        "attributes": {
                            "id": "8fdc5cf85e945e26f6da021d71aca48d099643c3ec5892b91cb82960d33a0f1b",
                            "rendered": "[managers]\n35.247.181.218\n\n[workers]\n35.240.209.140",
                            "template": "[managers]\n${managers}\n\n[workers]\n${workers}",
                            "vars.%": "2",
                            "vars.managers": "35.247.181.218",
                            "vars.workers": "35.240.209.140"
                        },
                        "meta": {},
                        "tainted": false
                    },
                    "deposed": [],
                    "provider": "provider.template"
                },
                "google_compute_firewall.swarm": {
                    "type": "google_compute_firewall",
                    "depends_on": [
                        "google_compute_network.swarm"
                    ],
                    "primary": {
                        "id": "swarm-firewall",
                        "attributes": {
                            "allow.#": "3",
                            "allow.1367131964.ports.#": "0",
                            "allow.1367131964.protocol": "icmp",
                            "allow.2455057674.ports.#": "2",
                            "allow.2455057674.ports.0": "7946",
                            "allow.2455057674.ports.1": "4789",
                            "allow.2455057674.protocol": "udp",
                            "allow.276522295.ports.#": "4",
                            "allow.276522295.ports.0": "22",
                            "allow.276522295.ports.1": "2377",
                            "allow.276522295.ports.2": "7946",
                            "allow.276522295.ports.3": "8080",
                            "allow.276522295.protocol": "tcp",
                            "creation_timestamp": "2019-04-20T23:56:23.295-07:00",
                            "deny.#": "0",
                            "description": "",
                            "destination_ranges.#": "0",
                            "direction": "INGRESS",
                            "disabled": "false",
                            "id": "swarm-firewall",
                            "name": "swarm-firewall",
                            "network": "https://www.googleapis.com/compute/v1/projects/mdcloud/global/networks/swarm-network",
                            "priority": "1000",
                            "project": "mdcloud",
                            "self_link": "https://www.googleapis.com/compute/v1/projects/mdcloud/global/firewalls/swarm-firewall",
                            "source_ranges.#": "1",
                            "source_ranges.1080289494": "0.0.0.0/0",
                            "source_service_accounts.#": "0",
                            "source_tags.#": "0",
                            "target_service_accounts.#": "0",
                            "target_tags.#": "0"
                        },
                        "meta": {
                            "e2bfb730-ecaa-11e6-8f88-34363bc7c4c0": {
                                "create": 240000000000,
                                "delete": 240000000000,
                                "update": 240000000000
                            },
                            "schema_version": "1"
                        },
                        "tainted": false
                    },
                    "deposed": [],
                    "provider": "provider.google"
                },
                "google_compute_instance.managers": {
                    "type": "google_compute_instance",
                    "depends_on": [
                        "google_compute_network.swarm"
                    ],
                    "primary": {
                        "id": "manager",
                        "attributes": {
                            "attached_disk.#": "0",
                            "boot_disk.#": "1",
                            "boot_disk.0.auto_delete": "true",
                            "boot_disk.0.device_name": "persistent-disk-0",
                            "boot_disk.0.disk_encryption_key_raw": "",
                            "boot_disk.0.disk_encryption_key_sha256": "",
                            "boot_disk.0.initialize_params.#": "1",
                            "boot_disk.0.initialize_params.0.image": "https://www.googleapis.com/compute/v1/projects/coreos-cloud/global/images/coreos-stable-2023-5-0-v20190312",
                            "boot_disk.0.initialize_params.0.size": "30",
                            "boot_disk.0.initialize_params.0.type": "pd-standard",
                            "boot_disk.0.source": "https://www.googleapis.com/compute/v1/projects/mdcloud/zones/asia-southeast1-a/disks/manager",
                            "can_ip_forward": "false",
                            "cpu_platform": "Intel Broadwell",
                            "deletion_protection": "false",
                            "guest_accelerator.#": "0",
                            "hostname": "",
                            "id": "manager",
                            "instance_id": "172419291026664181",
                            "label_fingerprint": "42WmSpB8rSM=",
                            "labels.%": "0",
                            "machine_type": "n1-standard-1",
                            "metadata.%": "1",
                            "metadata.sshKeys": "swarm:ssh-rsa AAAAB3NzaC1yc2EAAAADAQABAAABAQCoea0krK2/yRvqw60I2OtWYWYR6gyGIgRajT4NdEWSoY9eusHgnkHst0vQLEI76i7KhuSrgy6JH6R6gE46rlNVWUBAam5z32mUrE9Ytu2HIOj7+8mbbykCXYIGNBkhiMptelkLtSfq+DYJgqhqaQovS8V/8bXujY77IFzjVzR0UIWeIliCWisGbanwsr82TLkBGhDa5VKI10S3RwPM3XjvHJOVOKbfCnGRYPcdZh0rGIvYuiw6TTN6y+fZx7+sHxVYh7uExjndErqiuTf3TAqgbB536U84wdPSOc/jec3CAENVXrNdsKizi8Co2c8GzSdcCJfOT8ZAFE4yNSIhC25P aaron@aaron-nuc\n",
                            "metadata_fingerprint": "qf8uU9grlWI=",
                            "metadata_startup_script": "",
                            "min_cpu_platform": "",
                            "name": "manager",
                            "network_interface.#": "1",
                            "network_interface.0.access_config.#": "1",
                            "network_interface.0.access_config.0.assigned_nat_ip": "",
                            "network_interface.0.access_config.0.nat_ip": "35.247.181.218",
                            "network_interface.0.access_config.0.network_tier": "PREMIUM",
                            "network_interface.0.access_config.0.public_ptr_domain_name": "",
                            "network_interface.0.address": "",
                            "network_interface.0.alias_ip_range.#": "0",
                            "network_interface.0.name": "nic0",
                            "network_interface.0.network": "https://www.googleapis.com/compute/v1/projects/mdcloud/global/networks/swarm-network",
                            "network_interface.0.network_ip": "10.148.0.2",
                            "network_interface.0.subnetwork": "https://www.googleapis.com/compute/v1/projects/mdcloud/regions/asia-southeast1/subnetworks/swarm-network",
                            "network_interface.0.subnetwork_project": "mdcloud",
                            "project": "mdcloud",
                            "scheduling.#": "1",
                            "scheduling.0.automatic_restart": "true",
                            "scheduling.0.on_host_maintenance": "MIGRATE",
                            "scheduling.0.preemptible": "false",
                            "scratch_disk.#": "0",
                            "self_link": "https://www.googleapis.com/compute/v1/projects/mdcloud/zones/asia-southeast1-a/instances/manager",
                            "service_account.#": "0",
                            "tags.#": "0",
                            "tags_fingerprint": "42WmSpB8rSM=",
                            "zone": "asia-southeast1-a"
                        },
                        "meta": {
                            "e2bfb730-ecaa-11e6-8f88-34363bc7c4c0": {
                                "create": 360000000000,
                                "delete": 360000000000,
                                "update": 360000000000
                            },
                            "schema_version": "6"
                        },
                        "tainted": false
                    },
                    "deposed": [],
                    "provider": "provider.google"
                },
                "google_compute_instance.workers": {
                    "type": "google_compute_instance",
                    "depends_on": [
                        "google_compute_instance.managers",
                        "google_compute_network.swarm"
                    ],
                    "primary": {
                        "id": "worker1",
                        "attributes": {
                            "attached_disk.#": "0",
                            "boot_disk.#": "1",
                            "boot_disk.0.auto_delete": "true",
                            "boot_disk.0.device_name": "persistent-disk-0",
                            "boot_disk.0.disk_encryption_key_raw": "",
                            "boot_disk.0.disk_encryption_key_sha256": "",
                            "boot_disk.0.initialize_params.#": "1",
                            "boot_disk.0.initialize_params.0.image": "https://www.googleapis.com/compute/v1/projects/coreos-cloud/global/images/coreos-stable-2023-5-0-v20190312",
                            "boot_disk.0.initialize_params.0.size": "30",
                            "boot_disk.0.initialize_params.0.type": "pd-standard",
                            "boot_disk.0.source": "https://www.googleapis.com/compute/v1/projects/mdcloud/zones/asia-southeast1-a/disks/worker1",
                            "can_ip_forward": "false",
                            "cpu_platform": "Intel Broadwell",
                            "deletion_protection": "false",
                            "guest_accelerator.#": "0",
                            "hostname": "",
                            "id": "worker1",
                            "instance_id": "960760366408772295",
                            "label_fingerprint": "42WmSpB8rSM=",
                            "labels.%": "0",
                            "machine_type": "n1-standard-1",
                            "metadata.%": "1",
                            "metadata.sshKeys": "swarm:ssh-rsa AAAAB3NzaC1yc2EAAAADAQABAAABAQCoea0krK2/yRvqw60I2OtWYWYR6gyGIgRajT4NdEWSoY9eusHgnkHst0vQLEI76i7KhuSrgy6JH6R6gE46rlNVWUBAam5z32mUrE9Ytu2HIOj7+8mbbykCXYIGNBkhiMptelkLtSfq+DYJgqhqaQovS8V/8bXujY77IFzjVzR0UIWeIliCWisGbanwsr82TLkBGhDa5VKI10S3RwPM3XjvHJOVOKbfCnGRYPcdZh0rGIvYuiw6TTN6y+fZx7+sHxVYh7uExjndErqiuTf3TAqgbB536U84wdPSOc/jec3CAENVXrNdsKizi8Co2c8GzSdcCJfOT8ZAFE4yNSIhC25P aaron@aaron-nuc\n",
                            "metadata_fingerprint": "qf8uU9grlWI=",
                            "metadata_startup_script": "",
                            "min_cpu_platform": "",
                            "name": "worker1",
                            "network_interface.#": "1",
                            "network_interface.0.access_config.#": "1",
                            "network_interface.0.access_config.0.assigned_nat_ip": "",
                            "network_interface.0.access_config.0.nat_ip": "35.240.209.140",
                            "network_interface.0.access_config.0.network_tier": "PREMIUM",
                            "network_interface.0.access_config.0.public_ptr_domain_name": "",
                            "network_interface.0.address": "",
                            "network_interface.0.alias_ip_range.#": "0",
                            "network_interface.0.name": "nic0",
                            "network_interface.0.network": "https://www.googleapis.com/compute/v1/projects/mdcloud/global/networks/swarm-network",
                            "network_interface.0.network_ip": "10.148.0.3",
                            "network_interface.0.subnetwork": "https://www.googleapis.com/compute/v1/projects/mdcloud/regions/asia-southeast1/subnetworks/swarm-network",
                            "network_interface.0.subnetwork_project": "mdcloud",
                            "project": "mdcloud",
                            "scheduling.#": "1",
                            "scheduling.0.automatic_restart": "true",
                            "scheduling.0.on_host_maintenance": "MIGRATE",
                            "scheduling.0.preemptible": "false",
                            "scratch_disk.#": "0",
                            "self_link": "https://www.googleapis.com/compute/v1/projects/mdcloud/zones/asia-southeast1-a/instances/worker1",
                            "service_account.#": "0",
                            "tags.#": "0",
                            "tags_fingerprint": "42WmSpB8rSM=",
                            "zone": "asia-southeast1-a"
                        },
                        "meta": {
                            "e2bfb730-ecaa-11e6-8f88-34363bc7c4c0": {
                                "create": 360000000000,
                                "delete": 360000000000,
                                "update": 360000000000
                            },
                            "schema_version": "6"
                        },
                        "tainted": false
                    },
                    "deposed": [],
                    "provider": "provider.google"
                },
                "google_compute_network.swarm": {
                    "type": "google_compute_network",
                    "depends_on": [],
                    "primary": {
                        "id": "swarm-network",
                        "attributes": {
                            "auto_create_subnetworks": "true",
                            "description": "",
                            "gateway_ipv4": "",
                            "id": "swarm-network",
                            "ipv4_range": "",
                            "name": "swarm-network",
                            "project": "mdcloud",
                            "routing_mode": "REGIONAL",
                            "self_link": "https://www.googleapis.com/compute/v1/projects/mdcloud/global/networks/swarm-network"
                        },
                        "meta": {
                            "e2bfb730-ecaa-11e6-8f88-34363bc7c4c0": {
                                "create": 240000000000,
                                "delete": 240000000000,
                                "update": 240000000000
                            }
                        },
                        "tainted": false
                    },
                    "deposed": [],
                    "provider": "provider.google"
                },
                "null_resource.cmd": {
                    "type": "null_resource",
                    "depends_on": [
                        "data.template_file.inventory"
                    ],
                    "primary": {
                        "id": "220359961622489762",
                        "attributes": {
                            "id": "220359961622489762",
                            "triggers.%": "1",
                            "triggers.template_rendered": "[managers]\n35.247.181.218\n\n[workers]\n35.240.209.140"
                        },
                        "meta": {},
                        "tainted": false
                    },
                    "deposed": [],
                    "provider": "provider.null"
                }
            },
            "depends_on": []
        }
    ]
}
